// !$*UTF8*$!
{
	archiveVersion = 1;
	classes = {
	};
	objectVersion = 50;
	objects = {

/* Begin PBXBuildFile section */
		5B2398B6267CDC1F00756E07 /* SwiftUICombineApp.swift in Sources */ = {isa = PBXBuildFile; fileRef = 5B2398B5267CDC1F00756E07 /* SwiftUICombineApp.swift */; };
		5B2398B8267CDC1F00756E07 /* ContentView.swift in Sources */ = {isa = PBXBuildFile; fileRef = 5B2398B7267CDC1F00756E07 /* ContentView.swift */; };
		5B2398BA267CDC2000756E07 /* Assets.xcassets in Resources */ = {isa = PBXBuildFile; fileRef = 5B2398B9267CDC2000756E07 /* Assets.xcassets */; };
		5B2398BD267CDC2000756E07 /* Preview Assets.xcassets in Resources */ = {isa = PBXBuildFile; fileRef = 5B2398BC267CDC2000756E07 /* Preview Assets.xcassets */; };
		5B2398CC267CE39D00756E07 /* VisualEffectBlur.swift in Sources */ = {isa = PBXBuildFile; fileRef = 5B2398CA267CE39D00756E07 /* VisualEffectBlur.swift */; };
		5B2398CD267CE39D00756E07 /* AccountBackground.swift in Sources */ = {isa = PBXBuildFile; fileRef = 5B2398CB267CE39D00756E07 /* AccountBackground.swift */; };
		5B2398CF267CE60D00756E07 /* TrackableScrollView.swift in Sources */ = {isa = PBXBuildFile; fileRef = 5B2398CE267CE60D00756E07 /* TrackableScrollView.swift */; };
		5B2398D1267CEADC00756E07 /* MenuRow.swift in Sources */ = {isa = PBXBuildFile; fileRef = 5B2398D0267CEADC00756E07 /* MenuRow.swift */; };
		5B2398D3267CED1400756E07 /* FAQView.swift in Sources */ = {isa = PBXBuildFile; fileRef = 5B2398D2267CED1400756E07 /* FAQView.swift */; };
		5B2398D5267CED2300756E07 /* PackagesView.swift in Sources */ = {isa = PBXBuildFile; fileRef = 5B2398D4267CED2300756E07 /* PackagesView.swift */; };
		5B2398D7267CF22400756E07 /* Package.swift in Sources */ = {isa = PBXBuildFile; fileRef = 5B2398D6267CF22400756E07 /* Package.swift */; };
		5B2398D9267CF25E00756E07 /* PackageRow.swift in Sources */ = {isa = PBXBuildFile; fileRef = 5B2398D8267CF25E00756E07 /* PackageRow.swift */; };
		5BBB20E2267D3F89002438EE /* FAQ.swift in Sources */ = {isa = PBXBuildFile; fileRef = 5BBB20E1267D3F89002438EE /* FAQ.swift */; };
		5BBB20E4267D4001002438EE /* faqData.json in Resources */ = {isa = PBXBuildFile; fileRef = 5BBB20E3267D4001002438EE /* faqData.json */; };
		5BBB20E6267D4061002438EE /* ModelData.swift in Sources */ = {isa = PBXBuildFile; fileRef = 5BBB20E5267D4061002438EE /* ModelData.swift */; };
/* End PBXBuildFile section */

/* Begin PBXFileReference section */
		5B2398B2267CDC1F00756E07 /* SwiftUICombine.app */ = {isa = PBXFileReference; explicitFileType = wrapper.application; includeInIndex = 0; path = SwiftUICombine.app; sourceTree = BUILT_PRODUCTS_DIR; };
		5B2398B5267CDC1F00756E07 /* SwiftUICombineApp.swift */ = {isa = PBXFileReference; lastKnownFileType = sourcecode.swift; path = SwiftUICombineApp.swift; sourceTree = "<group>"; };
		5B2398B7267CDC1F00756E07 /* ContentView.swift */ = {isa = PBXFileReference; lastKnownFileType = sourcecode.swift; path = ContentView.swift; sourceTree = "<group>"; };
		5B2398B9267CDC2000756E07 /* Assets.xcassets */ = {isa = PBXFileReference; lastKnownFileType = folder.assetcatalog; path = Assets.xcassets; sourceTree = "<group>"; };
		5B2398BC267CDC2000756E07 /* Preview Assets.xcassets */ = {isa = PBXFileReference; lastKnownFileType = folder.assetcatalog; path = "Preview Assets.xcassets"; sourceTree = "<group>"; };
		5B2398BE267CDC2000756E07 /* Info.plist */ = {isa = PBXFileReference; lastKnownFileType = text.plist.xml; path = Info.plist; sourceTree = "<group>"; };
		5B2398CA267CE39D00756E07 /* VisualEffectBlur.swift */ = {isa = PBXFileReference; fileEncoding = 4; lastKnownFileType = sourcecode.swift; path = VisualEffectBlur.swift; sourceTree = "<group>"; };
		5B2398CB267CE39D00756E07 /* AccountBackground.swift */ = {isa = PBXFileReference; fileEncoding = 4; lastKnownFileType = sourcecode.swift; path = AccountBackground.swift; sourceTree = "<group>"; };
		5B2398CE267CE60D00756E07 /* TrackableScrollView.swift */ = {isa = PBXFileReference; lastKnownFileType = sourcecode.swift; path = TrackableScrollView.swift; sourceTree = "<group>"; };
		5B2398D0267CEADC00756E07 /* MenuRow.swift */ = {isa = PBXFileReference; lastKnownFileType = sourcecode.swift; path = MenuRow.swift; sourceTree = "<group>"; };
		5B2398D2267CED1400756E07 /* FAQView.swift */ = {isa = PBXFileReference; lastKnownFileType = sourcecode.swift; path = FAQView.swift; sourceTree = "<group>"; };
		5B2398D4267CED2300756E07 /* PackagesView.swift */ = {isa = PBXFileReference; lastKnownFileType = sourcecode.swift; path = PackagesView.swift; sourceTree = "<group>"; };
		5B2398D6267CF22400756E07 /* Package.swift */ = {isa = PBXFileReference; lastKnownFileType = sourcecode.swift; path = Package.swift; sourceTree = "<group>"; };
		5B2398D8267CF25E00756E07 /* PackageRow.swift */ = {isa = PBXFileReference; lastKnownFileType = sourcecode.swift; path = PackageRow.swift; sourceTree = "<group>"; };
		5BBB20E1267D3F89002438EE /* FAQ.swift */ = {isa = PBXFileReference; lastKnownFileType = sourcecode.swift; path = FAQ.swift; sourceTree = "<group>"; };
		5BBB20E3267D4001002438EE /* faqData.json */ = {isa = PBXFileReference; lastKnownFileType = text.json; path = faqData.json; sourceTree = "<group>"; };
		5BBB20E5267D4061002438EE /* ModelData.swift */ = {isa = PBXFileReference; lastKnownFileType = sourcecode.swift; path = ModelData.swift; sourceTree = "<group>"; };
/* End PBXFileReference section */

/* Begin PBXFrameworksBuildPhase section */
		5B2398AF267CDC1F00756E07 /* Frameworks */ = {
			isa = PBXFrameworksBuildPhase;
			buildActionMask = 2147483647;
			files = (
			);
			runOnlyForDeploymentPostprocessing = 0;
		};
/* End PBXFrameworksBuildPhase section */

/* Begin PBXGroup section */
		5B2398A9267CDC1F00756E07 = {
			isa = PBXGroup;
			children = (
				5B2398B4267CDC1F00756E07 /* SwiftUICombine */,
				5B2398B3267CDC1F00756E07 /* Products */,
			);
			sourceTree = "<group>";
		};
		5B2398B3267CDC1F00756E07 /* Products */ = {
			isa = PBXGroup;
			children = (
				5B2398B2267CDC1F00756E07 /* SwiftUICombine.app */,
			);
			name = Products;
			sourceTree = "<group>";
		};
		5B2398B4267CDC1F00756E07 /* SwiftUICombine */ = {
			isa = PBXGroup;
			children = (
				5BBB20E3267D4001002438EE /* faqData.json */,
				5B2398C9267CE39200756E07 /* Graphics */,
				5B2398B5267CDC1F00756E07 /* SwiftUICombineApp.swift */,
				5B2398CE267CE60D00756E07 /* TrackableScrollView.swift */,
				5B2398D0267CEADC00756E07 /* MenuRow.swift */,
				5B2398B7267CDC1F00756E07 /* ContentView.swift */,
				5B2398B9267CDC2000756E07 /* Assets.xcassets */,
				5B2398BE267CDC2000756E07 /* Info.plist */,
				5B2398BB267CDC2000756E07 /* Preview Content */,
				5B2398D2267CED1400756E07 /* FAQView.swift */,
				5B2398D4267CED2300756E07 /* PackagesView.swift */,
				5B2398D6267CF22400756E07 /* Package.swift */,
				5B2398D8267CF25E00756E07 /* PackageRow.swift */,
				5BBB20E1267D3F89002438EE /* FAQ.swift */,
				5BBB20E5267D4061002438EE /* ModelData.swift */,
			);
			path = SwiftUICombine;
			sourceTree = "<group>";
		};
		5B2398BB267CDC2000756E07 /* Preview Content */ = {
			isa = PBXGroup;
			children = (
				5B2398BC267CDC2000756E07 /* Preview Assets.xcassets */,
			);
			path = "Preview Content";
			sourceTree = "<group>";
		};
		5B2398C9267CE39200756E07 /* Graphics */ = {
			isa = PBXGroup;
			children = (
				5B2398CB267CE39D00756E07 /* AccountBackground.swift */,
				5B2398CA267CE39D00756E07 /* VisualEffectBlur.swift */,
			);
			path = Graphics;
			sourceTree = "<group>";
		};
/* End PBXGroup section */

/* Begin PBXNativeTarget section */
		5B2398B1267CDC1F00756E07 /* SwiftUICombine */ = {
			isa = PBXNativeTarget;
			buildConfigurationList = 5B2398C1267CDC2000756E07 /* Build configuration list for PBXNativeTarget "SwiftUICombine" */;
			buildPhases = (
				5B2398AE267CDC1F00756E07 /* Sources */,
				5B2398AF267CDC1F00756E07 /* Frameworks */,
				5B2398B0267CDC1F00756E07 /* Resources */,
			);
			buildRules = (
			);
			dependencies = (
			);
			name = SwiftUICombine;
			productName = SwiftUICombine;
			productReference = 5B2398B2267CDC1F00756E07 /* SwiftUICombine.app */;
			productType = "com.apple.product-type.application";
		};
/* End PBXNativeTarget section */

/* Begin PBXProject section */
		5B2398AA267CDC1F00756E07 /* Project object */ = {
			isa = PBXProject;
			attributes = {
				LastSwiftUpdateCheck = 1250;
				LastUpgradeCheck = 1250;
				TargetAttributes = {
					5B2398B1267CDC1F00756E07 = {
						CreatedOnToolsVersion = 12.5;
					};
				};
			};
			buildConfigurationList = 5B2398AD267CDC1F00756E07 /* Build configuration list for PBXProject "SwiftUICombine" */;
			compatibilityVersion = "Xcode 9.3";
			developmentRegion = en;
			hasScannedForEncodings = 0;
			knownRegions = (
				en,
				Base,
			);
			mainGroup = 5B2398A9267CDC1F00756E07;
			productRefGroup = 5B2398B3267CDC1F00756E07 /* Products */;
			projectDirPath = "";
			projectRoot = "";
			targets = (
				5B2398B1267CDC1F00756E07 /* SwiftUICombine */,
			);
		};
/* End PBXProject section */

/* Begin PBXResourcesBuildPhase section */
		5B2398B0267CDC1F00756E07 /* Resources */ = {
			isa = PBXResourcesBuildPhase;
			buildActionMask = 2147483647;
			files = (
				5B2398BD267CDC2000756E07 /* Preview Assets.xcassets in Resources */,
				5B2398BA267CDC2000756E07 /* Assets.xcassets in Resources */,
				5BBB20E4267D4001002438EE /* faqData.json in Resources */,
			);
			runOnlyForDeploymentPostprocessing = 0;
		};
/* End PBXResourcesBuildPhase section */

/* Begin PBXSourcesBuildPhase section */
		5B2398AE267CDC1F00756E07 /* Sources */ = {
			isa = PBXSourcesBuildPhase;
			buildActionMask = 2147483647;
			files = (
				5B2398CC267CE39D00756E07 /* VisualEffectBlur.swift in Sources */,
				5B2398CF267CE60D00756E07 /* TrackableScrollView.swift in Sources */,
				5BBB20E2267D3F89002438EE /* FAQ.swift in Sources */,
				5B2398B8267CDC1F00756E07 /* ContentView.swift in Sources */,
				5B2398D9267CF25E00756E07 /* PackageRow.swift in Sources */,
				5BBB20E6267D4061002438EE /* ModelData.swift in Sources */,
				5B2398D7267CF22400756E07 /* Package.swift in Sources */,
				5B2398B6267CDC1F00756E07 /* SwiftUICombineApp.swift in Sources */,
				5B2398D3267CED1400756E07 /* FAQView.swift in Sources */,
				5B2398CD267CE39D00756E07 /* AccountBackground.swift in Sources */,
				5B2398D1267CEADC00756E07 /* MenuRow.swift in Sources */,
				5B2398D5267CED2300756E07 /* PackagesView.swift in Sources */,
			);
			runOnlyForDeploymentPostprocessing = 0;
		};
/* End PBXSourcesBuildPhase section */

/* Begin XCBuildConfiguration section */
		5B2398BF267CDC2000756E07 /* Debug */ = {
			isa = XCBuildConfiguration;
			buildSettings = {
				ALWAYS_SEARCH_USER_PATHS = NO;
				CLANG_ANALYZER_NONNULL = YES;
				CLANG_ANALYZER_NUMBER_OBJECT_CONVERSION = YES_AGGRESSIVE;
				CLANG_CXX_LANGUAGE_STANDARD = "gnu++14";
				CLANG_CXX_LIBRARY = "libc++";
				CLANG_ENABLE_MODULES = YES;
				CLANG_ENABLE_OBJC_ARC = YES;
				CLANG_ENABLE_OBJC_WEAK = YES;
				CLANG_WARN_BLOCK_CAPTURE_AUTORELEASING = YES;
				CLANG_WARN_BOOL_CONVERSION = YES;
				CLANG_WARN_COMMA = YES;
				CLANG_WARN_CONSTANT_CONVERSION = YES;
				CLANG_WARN_DEPRECATED_OBJC_IMPLEMENTATIONS = YES;
				CLANG_WARN_DIRECT_OBJC_ISA_USAGE = YES_ERROR;
				CLANG_WARN_DOCUMENTATION_COMMENTS = YES;
				CLANG_WARN_EMPTY_BODY = YES;
				CLANG_WARN_ENUM_CONVERSION = YES;
				CLANG_WARN_INFINITE_RECURSION = YES;
				CLANG_WARN_INT_CONVERSION = YES;
				CLANG_WARN_NON_LITERAL_NULL_CONVERSION = YES;
				CLANG_WARN_OBJC_IMPLICIT_RETAIN_SELF = YES;
				CLANG_WARN_OBJC_LITERAL_CONVERSION = YES;
				CLANG_WARN_OBJC_ROOT_CLASS = YES_ERROR;
				CLANG_WARN_QUOTED_INCLUDE_IN_FRAMEWORK_HEADER = YES;
				CLANG_WARN_RANGE_LOOP_ANALYSIS = YES;
				CLANG_WARN_STRICT_PROTOTYPES = YES;
				CLANG_WARN_SUSPICIOUS_MOVE = YES;
				CLANG_WARN_UNGUARDED_AVAILABILITY = YES_AGGRESSIVE;
				CLANG_WARN_UNREACHABLE_CODE = YES;
				CLANG_WARN__DUPLICATE_METHOD_MATCH = YES;
				COPY_PHASE_STRIP = NO;
				DEBUG_INFORMATION_FORMAT = dwarf;
				ENABLE_STRICT_OBJC_MSGSEND = YES;
				ENABLE_TESTABILITY = YES;
				GCC_C_LANGUAGE_STANDARD = gnu11;
				GCC_DYNAMIC_NO_PIC = NO;
				GCC_NO_COMMON_BLOCKS = YES;
				GCC_OPTIMIZATION_LEVEL = 0;
				GCC_PREPROCESSOR_DEFINITIONS = (
					"DEBUG=1",
					"$(inherited)",
				);
				GCC_WARN_64_TO_32_BIT_CONVERSION = YES;
				GCC_WARN_ABOUT_RETURN_TYPE = YES_ERROR;
				GCC_WARN_UNDECLARED_SELECTOR = YES;
				GCC_WARN_UNINITIALIZED_AUTOS = YES_AGGRESSIVE;
				GCC_WARN_UNUSED_FUNCTION = YES;
				GCC_WARN_UNUSED_VARIABLE = YES;
				IPHONEOS_DEPLOYMENT_TARGET = 14.5;
				MTL_ENABLE_DEBUG_INFO = INCLUDE_SOURCE;
				MTL_FAST_MATH = YES;
				ONLY_ACTIVE_ARCH = YES;
				SDKROOT = iphoneos;
				SWIFT_ACTIVE_COMPILATION_CONDITIONS = DEBUG;
				SWIFT_OPTIMIZATION_LEVEL = "-Onone";
			};
			name = Debug;
		};
		5B2398C0267CDC2000756E07 /* Release */ = {
			isa = XCBuildConfiguration;
			buildSettings = {
				ALWAYS_SEARCH_USER_PATHS = NO;
				CLANG_ANALYZER_NONNULL = YES;
				CLANG_ANALYZER_NUMBER_OBJECT_CONVERSION = YES_AGGRESSIVE;
				CLANG_CXX_LANGUAGE_STANDARD = "gnu++14";
				CLANG_CXX_LIBRARY = "libc++";
				CLANG_ENABLE_MODULES = YES;
				CLANG_ENABLE_OBJC_ARC = YES;
				CLANG_ENABLE_OBJC_WEAK = YES;
				CLANG_WARN_BLOCK_CAPTURE_AUTORELEASING = YES;
				CLANG_WARN_BOOL_CONVERSION = YES;
				CLANG_WARN_COMMA = YES;
				CLANG_WARN_CONSTANT_CONVERSION = YES;
				CLANG_WARN_DEPRECATED_OBJC_IMPLEMENTATIONS = YES;
				CLANG_WARN_DIRECT_OBJC_ISA_USAGE = YES_ERROR;
				CLANG_WARN_DOCUMENTATION_COMMENTS = YES;
				CLANG_WARN_EMPTY_BODY = YES;
				CLANG_WARN_ENUM_CONVERSION = YES;
				CLANG_WARN_INFINITE_RECURSION = YES;
				CLANG_WARN_INT_CONVERSION = YES;
				CLANG_WARN_NON_LITERAL_NULL_CONVERSION = YES;
				CLANG_WARN_OBJC_IMPLICIT_RETAIN_SELF = YES;
				CLANG_WARN_OBJC_LITERAL_CONVERSION = YES;
				CLANG_WARN_OBJC_ROOT_CLASS = YES_ERROR;
				CLANG_WARN_QUOTED_INCLUDE_IN_FRAMEWORK_HEADER = YES;
				CLANG_WARN_RANGE_LOOP_ANALYSIS = YES;
				CLANG_WARN_STRICT_PROTOTYPES = YES;
				CLANG_WARN_SUSPICIOUS_MOVE = YES;
				CLANG_WARN_UNGUARDED_AVAILABILITY = YES_AGGRESSIVE;
				CLANG_WARN_UNREACHABLE_CODE = YES;
				CLANG_WARN__DUPLICATE_METHOD_MATCH = YES;
				COPY_PHASE_STRIP = NO;
				DEBUG_INFORMATION_FORMAT = "dwarf-with-dsym";
				ENABLE_NS_ASSERTIONS = NO;
				ENABLE_STRICT_OBJC_MSGSEND = YES;
				GCC_C_LANGUAGE_STANDARD = gnu11;
				GCC_NO_COMMON_BLOCKS = YES;
				GCC_WARN_64_TO_32_BIT_CONVERSION = YES;
				GCC_WARN_ABOUT_RETURN_TYPE = YES_ERROR;
				GCC_WARN_UNDECLARED_SELECTOR = YES;
				GCC_WARN_UNINITIALIZED_AUTOS = YES_AGGRESSIVE;
				GCC_WARN_UNUSED_FUNCTION = YES;
				GCC_WARN_UNUSED_VARIABLE = YES;
				IPHONEOS_DEPLOYMENT_TARGET = 14.5;
				MTL_ENABLE_DEBUG_INFO = NO;
				MTL_FAST_MATH = YES;
				SDKROOT = iphoneos;
				SWIFT_COMPILATION_MODE = wholemodule;
				SWIFT_OPTIMIZATION_LEVEL = "-O";
				VALIDATE_PRODUCT = YES;
			};
			name = Release;
		};
		5B2398C2267CDC2000756E07 /* Debug */ = {
			isa = XCBuildConfiguration;
			buildSettings = {
				ASSETCATALOG_COMPILER_APPICON_NAME = AppIcon;
				ASSETCATALOG_COMPILER_GLOBAL_ACCENT_COLOR_NAME = AccentColor;
				CODE_SIGN_STYLE = Automatic;
				DEVELOPMENT_ASSET_PATHS = "\"SwiftUICombine/Preview Content\"";
				DEVELOPMENT_TEAM = VRS45YNM74;
				ENABLE_PREVIEWS = YES;
				INFOPLIST_FILE = SwiftUICombine/Info.plist;
				IPHONEOS_DEPLOYMENT_TARGET = 14.0;
				LD_RUNPATH_SEARCH_PATHS = (
					"$(inherited)",
					"@executable_path/Frameworks",
				);
				PRODUCT_BUNDLE_IDENTIFIER = io.souzarodrigo.SwiftUICombine;
				PRODUCT_NAME = "$(TARGET_NAME)";
				SWIFT_VERSION = 5.0;
				TARGETED_DEVICE_FAMILY = "1,2";
			};
			name = Debug;
		};
		5B2398C3267CDC2000756E07 /* Release */ = {
			isa = XCBuildConfiguration;
			buildSettings = {
				ASSETCATALOG_COMPILER_APPICON_NAME = AppIcon;
				ASSETCATALOG_COMPILER_GLOBAL_ACCENT_COLOR_NAME = AccentColor;
				CODE_SIGN_STYLE = Automatic;
				DEVELOPMENT_ASSET_PATHS = "\"SwiftUICombine/Preview Content\"";
				DEVELOPMENT_TEAM = VRS45YNM74;
				ENABLE_PREVIEWS = YES;
				INFOPLIST_FILE = SwiftUICombine/Info.plist;
				IPHONEOS_DEPLOYMENT_TARGET = 14.0;
				LD_RUNPATH_SEARCH_PATHS = (
					"$(inherited)",
					"@executable_path/Frameworks",
				);
				PRODUCT_BUNDLE_IDENTIFIER = io.souzarodrigo.SwiftUICombine;
				PRODUCT_NAME = "$(TARGET_NAME)";
				SWIFT_VERSION = 5.0;
				TARGETED_DEVICE_FAMILY = "1,2";
			};
			name = Release;
		};
/* End XCBuildConfiguration section */

/* Begin XCConfigurationList section */
		5B2398AD267CDC1F00756E07 /* Build configuration list for PBXProject "SwiftUICombine" */ = {
			isa = XCConfigurationList;
			buildConfigurations = (
				5B2398BF267CDC2000756E07 /* Debug */,
				5B2398C0267CDC2000756E07 /* Release */,
			);
			defaultConfigurationIsVisible = 0;
			defaultConfigurationName = Release;
		};
		5B2398C1267CDC2000756E07 /* Build configuration list for PBXNativeTarget "SwiftUICombine" */ = {
			isa = XCConfigurationList;
			buildConfigurations = (
				5B2398C2267CDC2000756E07 /* Debug */,
				5B2398C3267CDC2000756E07 /* Release */,
			);
			defaultConfigurationIsVisible = 0;
			defaultConfigurationName = Release;
		};
/* End XCConfigurationList section */
	};
	rootObject = 5B2398AA267CDC1F00756E07 /* Project object */;
}
